
Microsoft Visual Studio Solution File, Format Version 12.00
# Visual Studio Version 17
VisualStudioVersion = 17.0.32126.317
MinimumVisualStudioVersion = 10.0.40219.1
Project("{FAE04EC0-301F-11D3-BF4B-00C04F79EFBC}") = "Reports", "Reports\Reports.csproj", "{0862A394-5FE1-4D0C-9154-C4B3C8FEF812}"
EndProject
Project("{FAE04EC0-301F-11D3-BF4B-00C04F79EFBC}") = "loader", "loader\loader.csproj", "{6768982F-BD15-4BEB-8171-E92741A55DD3}"
EndProject
Global
	GlobalSection(SolutionConfigurationPlatforms) = preSolution
		Debug|Any CPU = Debug|Any CPU
		Release|Any CPU = Release|Any CPU
	EndGlobalSection
	GlobalSection(ProjectConfigurationPlatforms) = postSolution
		{0862A394-5FE1-4D0C-9154-C4B3C8FEF812}.Debug|Any CPU.ActiveCfg = Debug|Any CPU
		{0862A394-5FE1-4D0C-9154-C4B3C8FEF812}.Debug|Any CPU.Build.0 = Debug|Any CPU
		{0862A394-5FE1-4D0C-9154-C4B3C8FEF812}.Release|Any CPU.ActiveCfg = Release|Any CPU
		{0862A394-5FE1-4D0C-9154-C4B3C8FEF812}.Release|Any CPU.Build.0 = Release|Any CPU
		{6768982F-BD15-4BEB-8171-E92741A55DD3}.Debug|Any CPU.ActiveCfg = Debug|Any CPU
		{6768982F-BD15-4BEB-8171-E92741A55DD3}.Debug|Any CPU.Build.0 = Debug|Any CPU
		{6768982F-BD15-4BEB-8171-E92741A55DD3}.Release|Any CPU.ActiveCfg = Release|Any CPU
		{6768982F-BD15-4BEB-8171-E92741A55DD3}.Release|Any CPU.Build.0 = Release|Any CPU
	EndGlobalSection
	GlobalSection(SolutionProperties) = preSolution
		HideSolutionNode = FALSE
	EndGlobalSection
	GlobalSection(ExtensibilityGlobals) = postSolution
		SolutionGuid = {88A2B109-0F5E-4A9A-8075-D1F5FDD13557}
	EndGlobalSection
EndGlobal
